Microsoft Visual Studio Solution File, Format Version 12.00
# Visual Studio Version 17
VisualStudioVersion = 17.5.2.0
MinimumVisualStudioVersion = 10.0.40219.1
Project("{FAE04EC0-301F-11D3-BF4B-00C04F79EFBC}") = "WorldFamily.Api", "WorldFamily.Api\WorldFamily.Api.csproj", "{8D3E985E-F2BE-2120-76E3-B0D2677DD8AA}"
EndProject
Global
	GlobalSection(SolutionConfigurationPlatforms) = preSolution
		Debug|Any CPU = Debug|Any CPU
		Release|Any CPU = Release|Any CPU
	EndGlobalSection
	GlobalSection(ProjectConfigurationPlatforms) = postSolution
		{8D3E985E-F2BE-2120-76E3-B0D2677DD8AA}.Debug|Any CPU.ActiveCfg = Debug|Any CPU
		{8D3E985E-F2BE-2120-76E3-B0D2677DD8AA}.Debug|Any CPU.Build.0 = Debug|Any CPU
		{8D3E985E-F2BE-2120-76E3-B0D2677DD8AA}.Release|Any CPU.ActiveCfg = Release|Any CPU
		{8D3E985E-F2BE-2120-76E3-B0D2677DD8AA}.Release|Any CPU.Build.0 = Release|Any CPU
	EndGlobalSection
	GlobalSection(SolutionProperties) = preSolution
		HideSolutionNode = FALSE
	EndGlobalSection
	GlobalSection(ExtensibilityGlobals) = postSolution
		SolutionGuid = {B2BC37BE-3C42-4243-BB22-A0F8A7D24CC5}
	EndGlobalSection
EndGlobal
